
Microsoft Visual Studio Solution File, Format Version 12.00
# Visual Studio Version 17
VisualStudioVersion = 17.11.35312.102
MinimumVisualStudioVersion = 10.0.40219.1
Project("{FAE04EC0-301F-11D3-BF4B-00C04F79EFBC}") = "encryptionText", "encryptionText.csproj", "{965C0998-39C4-4AD9-90A8-4358284894AF}"
EndProject
Global
	GlobalSection(SolutionConfigurationPlatforms) = preSolution
		Debug|Any CPU = Debug|Any CPU
		Release|Any CPU = Release|Any CPU
	EndGlobalSection
	GlobalSection(ProjectConfigurationPlatforms) = postSolution
		{965C0998-39C4-4AD9-90A8-4358284894AF}.Debug|Any CPU.ActiveCfg = Debug|Any CPU
		{965C0998-39C4-4AD9-90A8-4358284894AF}.Debug|Any CPU.Build.0 = Debug|Any CPU
		{965C0998-39C4-4AD9-90A8-4358284894AF}.Release|Any CPU.ActiveCfg = Release|Any CPU
		{965C0998-39C4-4AD9-90A8-4358284894AF}.Release|Any CPU.Build.0 = Release|Any CPU
	EndGlobalSection
	GlobalSection(SolutionProperties) = preSolution
		HideSolutionNode = FALSE
	EndGlobalSection
	GlobalSection(ExtensibilityGlobals) = postSolution
		SolutionGuid = {B0505E38-5EBC-4B2B-9C7F-AC585A55D49D}
	EndGlobalSection
EndGlobal
